
Microsoft Visual Studio Solution File, Format Version 12.00
# Visual Studio Version 16
VisualStudioVersion = 16.0.33529.622
MinimumVisualStudioVersion = 10.0.40219.1
Project("{FAE04EC0-301F-11D3-BF4B-00C04F79EFBC}") = "Project", "Project\Project.csproj", "{C12E0D4A-044F-4659-9AA6-96AC87D90308}"
EndProject
Global
	GlobalSection(SolutionConfigurationPlatforms) = preSolution
		Debug|Any CPU = Debug|Any CPU
		Release|Any CPU = Release|Any CPU
	EndGlobalSection
	GlobalSection(ProjectConfigurationPlatforms) = postSolution
		{C12E0D4A-044F-4659-9AA6-96AC87D90308}.Debug|Any CPU.ActiveCfg = Debug|Any CPU
		{C12E0D4A-044F-4659-9AA6-96AC87D90308}.Debug|Any CPU.Build.0 = Debug|Any CPU
		{C12E0D4A-044F-4659-9AA6-96AC87D90308}.Release|Any CPU.ActiveCfg = Release|Any CPU
		{C12E0D4A-044F-4659-9AA6-96AC87D90308}.Release|Any CPU.Build.0 = Release|Any CPU
	EndGlobalSection
	GlobalSection(SolutionProperties) = preSolution
		HideSolutionNode = FALSE
	EndGlobalSection
	GlobalSection(ExtensibilityGlobals) = postSolution
		SolutionGuid = {9DC2CF20-DEB9-4793-B358-94989CA5A707}
	EndGlobalSection
EndGlobal
